
Microsoft Visual Studio Solution File, Format Version 12.00
# Visual Studio 15
VisualStudioVersion = 15.0.27130.2036
MinimumVisualStudioVersion = 10.0.40219.1
Project("{FAE04EC0-301F-11D3-BF4B-00C04F79EFBC}") = "Self_Host_Web_API_REST", "Self_Host_Web_API_REST\Self_Host_Web_API_REST.csproj", "{2F7827DE-4D23-4F43-A5A7-C0465D0D4651}"
EndProject
Global
	GlobalSection(SolutionConfigurationPlatforms) = preSolution
		Debug|Any CPU = Debug|Any CPU
		Release|Any CPU = Release|Any CPU
	EndGlobalSection
	GlobalSection(ProjectConfigurationPlatforms) = postSolution
		{2F7827DE-4D23-4F43-A5A7-C0465D0D4651}.Debug|Any CPU.ActiveCfg = Debug|Any CPU
		{2F7827DE-4D23-4F43-A5A7-C0465D0D4651}.Debug|Any CPU.Build.0 = Debug|Any CPU
		{2F7827DE-4D23-4F43-A5A7-C0465D0D4651}.Release|Any CPU.ActiveCfg = Release|Any CPU
		{2F7827DE-4D23-4F43-A5A7-C0465D0D4651}.Release|Any CPU.Build.0 = Release|Any CPU
	EndGlobalSection
	GlobalSection(SolutionProperties) = preSolution
		HideSolutionNode = FALSE
	EndGlobalSection
	GlobalSection(ExtensibilityGlobals) = postSolution
		SolutionGuid = {DDF20D0E-D9D0-4B72-A8A9-C2732CBA4804}
	EndGlobalSection
EndGlobal
